
Microsoft Visual Studio Solution File, Format Version 12.00
# Visual Studio Version 17
VisualStudioVersion = 17.4.33205.214
MinimumVisualStudioVersion = 10.0.40219.1
Project("{9A19103F-16F7-4668-BE54-9A1E7A4F7556}") = "API_Application", "API_Application\API_Application.csproj", "{4742DB3A-53FD-455E-AB21-30C8151F7488}"
EndProject
Project("{9A19103F-16F7-4668-BE54-9A1E7A4F7556}") = "Domain", "DomainLayer\Domain.csproj", "{F5CBEEA1-5F92-4ED5-98B7-77A527D7B157}"
EndProject
Project("{9A19103F-16F7-4668-BE54-9A1E7A4F7556}") = "Repository", "Repository\Repository.csproj", "{1CA079CF-2671-4CE0-AC3A-A68345797370}"
EndProject
Project("{FAE04EC0-301F-11D3-BF4B-00C04F79EFBC}") = "Service", "Service\Service.csproj", "{7AF2E39C-E00E-410B-AC52-1318145A3D2C}"
EndProject
Global
	GlobalSection(SolutionConfigurationPlatforms) = preSolution
		Debug|Any CPU = Debug|Any CPU
		Release|Any CPU = Release|Any CPU
	EndGlobalSection
	GlobalSection(ProjectConfigurationPlatforms) = postSolution
		{4742DB3A-53FD-455E-AB21-30C8151F7488}.Debug|Any CPU.ActiveCfg = Debug|Any CPU
		{4742DB3A-53FD-455E-AB21-30C8151F7488}.Debug|Any CPU.Build.0 = Debug|Any CPU
		{4742DB3A-53FD-455E-AB21-30C8151F7488}.Release|Any CPU.ActiveCfg = Release|Any CPU
		{4742DB3A-53FD-455E-AB21-30C8151F7488}.Release|Any CPU.Build.0 = Release|Any CPU
		{F5CBEEA1-5F92-4ED5-98B7-77A527D7B157}.Debug|Any CPU.ActiveCfg = Debug|Any CPU
		{F5CBEEA1-5F92-4ED5-98B7-77A527D7B157}.Debug|Any CPU.Build.0 = Debug|Any CPU
		{F5CBEEA1-5F92-4ED5-98B7-77A527D7B157}.Release|Any CPU.ActiveCfg = Release|Any CPU
		{F5CBEEA1-5F92-4ED5-98B7-77A527D7B157}.Release|Any CPU.Build.0 = Release|Any CPU
		{1CA079CF-2671-4CE0-AC3A-A68345797370}.Debug|Any CPU.ActiveCfg = Debug|Any CPU
		{1CA079CF-2671-4CE0-AC3A-A68345797370}.Debug|Any CPU.Build.0 = Debug|Any CPU
		{1CA079CF-2671-4CE0-AC3A-A68345797370}.Release|Any CPU.ActiveCfg = Release|Any CPU
		{1CA079CF-2671-4CE0-AC3A-A68345797370}.Release|Any CPU.Build.0 = Release|Any CPU
		{7AF2E39C-E00E-410B-AC52-1318145A3D2C}.Debug|Any CPU.ActiveCfg = Debug|Any CPU
		{7AF2E39C-E00E-410B-AC52-1318145A3D2C}.Debug|Any CPU.Build.0 = Debug|Any CPU
		{7AF2E39C-E00E-410B-AC52-1318145A3D2C}.Release|Any CPU.ActiveCfg = Release|Any CPU
		{7AF2E39C-E00E-410B-AC52-1318145A3D2C}.Release|Any CPU.Build.0 = Release|Any CPU
	EndGlobalSection
	GlobalSection(SolutionProperties) = preSolution
		HideSolutionNode = FALSE
	EndGlobalSection
	GlobalSection(ExtensibilityGlobals) = postSolution
		SolutionGuid = {E8FF7364-1B4E-4CE5-A692-49BE65FB5C08}
	EndGlobalSection
EndGlobal
